
Microsoft Visual Studio Solution File, Format Version 12.00
# Visual Studio Version 17
VisualStudioVersion = 17.0.31903.59
MinimumVisualStudioVersion = 10.0.40219.1
Project("{FAE04EC0-301F-11D3-BF4B-00C04F79EFBC}") = "ScreenShot to OneNote", "ScreenShot to OneNote\ScreenShot to OneNote.csproj", "{FA75E9B3-BD03-4021-9006-2877358B1DB3}"
EndProject
Project("{54435603-DBB4-11D2-8724-00A0C9A8B90C}") = "Screenshot to OneNote v1", "Screenshot to OneNote v1\Screenshot to OneNote v1.vdproj", "{172B04D8-9456-4E3C-BA39-499947694594}"
EndProject
Project("{54435603-DBB4-11D2-8724-00A0C9A8B90C}") = "Screenshot to OneNote v1.2", "Screenshot to OneNote v1.2\Screenshot to OneNote v1.2.vdproj", "{D2D905A3-1566-45F1-BBDC-710A60459358}"
EndProject
Global
	GlobalSection(SolutionConfigurationPlatforms) = preSolution
		Debug|Any CPU = Debug|Any CPU
		Release|Any CPU = Release|Any CPU
	EndGlobalSection
	GlobalSection(ProjectConfigurationPlatforms) = postSolution
		{FA75E9B3-BD03-4021-9006-2877358B1DB3}.Debug|Any CPU.ActiveCfg = Debug|Any CPU
		{FA75E9B3-BD03-4021-9006-2877358B1DB3}.Debug|Any CPU.Build.0 = Debug|Any CPU
		{FA75E9B3-BD03-4021-9006-2877358B1DB3}.Release|Any CPU.ActiveCfg = Release|Any CPU
		{FA75E9B3-BD03-4021-9006-2877358B1DB3}.Release|Any CPU.Build.0 = Release|Any CPU
		{172B04D8-9456-4E3C-BA39-499947694594}.Debug|Any CPU.ActiveCfg = Debug
		{172B04D8-9456-4E3C-BA39-499947694594}.Release|Any CPU.ActiveCfg = Release
		{D2D905A3-1566-45F1-BBDC-710A60459358}.Debug|Any CPU.ActiveCfg = Debug
		{D2D905A3-1566-45F1-BBDC-710A60459358}.Release|Any CPU.ActiveCfg = Release
	EndGlobalSection
	GlobalSection(SolutionProperties) = preSolution
		HideSolutionNode = FALSE
	EndGlobalSection
	GlobalSection(ExtensibilityGlobals) = postSolution
		SolutionGuid = {FA6AA9E5-04B4-4A47-B631-4203C9D6CC70}
	EndGlobalSection
EndGlobal
